
Microsoft Visual Studio Solution File, Format Version 12.00
# Visual Studio 15
VisualStudioVersion = 15.0.28307.421
MinimumVisualStudioVersion = 10.0.40219.1
Project("{FAE04EC0-301F-11D3-BF4B-00C04F79EFBC}") = "InvoiceManager", "InvoiceManager\InvoiceManager.csproj", "{C73D8A8B-7334-4129-81C3-3C9C4B43712E}"
EndProject
Global
	GlobalSection(SolutionConfigurationPlatforms) = preSolution
		Debug|Any CPU = Debug|Any CPU
		Release|Any CPU = Release|Any CPU
	EndGlobalSection
	GlobalSection(ProjectConfigurationPlatforms) = postSolution
		{C73D8A8B-7334-4129-81C3-3C9C4B43712E}.Debug|Any CPU.ActiveCfg = Debug|Any CPU
		{C73D8A8B-7334-4129-81C3-3C9C4B43712E}.Debug|Any CPU.Build.0 = Debug|Any CPU
		{C73D8A8B-7334-4129-81C3-3C9C4B43712E}.Release|Any CPU.ActiveCfg = Release|Any CPU
		{C73D8A8B-7334-4129-81C3-3C9C4B43712E}.Release|Any CPU.Build.0 = Release|Any CPU
	EndGlobalSection
	GlobalSection(SolutionProperties) = preSolution
		HideSolutionNode = FALSE
	EndGlobalSection
	GlobalSection(ExtensibilityGlobals) = postSolution
		SolutionGuid = {F3A90B24-C362-4D99-ACFE-A84D67CFBE20}
	EndGlobalSection
EndGlobal
